
Microsoft Visual Studio Solution File, Format Version 12.00
# Visual Studio Version 16
VisualStudioVersion = 16.0.31205.134
MinimumVisualStudioVersion = 10.0.40219.1
Project("{FAE04EC0-301F-11D3-BF4B-00C04F79EFBC}") = "Design", "Design\Design.csproj", "{0A923550-394A-4F9C-8B63-7189B32004C3}"
EndProject
Global
	GlobalSection(SolutionConfigurationPlatforms) = preSolution
		Debug|Any CPU = Debug|Any CPU
		Release|Any CPU = Release|Any CPU
	EndGlobalSection
	GlobalSection(ProjectConfigurationPlatforms) = postSolution
		{0A923550-394A-4F9C-8B63-7189B32004C3}.Debug|Any CPU.ActiveCfg = Debug|Any CPU
		{0A923550-394A-4F9C-8B63-7189B32004C3}.Debug|Any CPU.Build.0 = Debug|Any CPU
		{0A923550-394A-4F9C-8B63-7189B32004C3}.Release|Any CPU.ActiveCfg = Release|Any CPU
		{0A923550-394A-4F9C-8B63-7189B32004C3}.Release|Any CPU.Build.0 = Release|Any CPU
	EndGlobalSection
	GlobalSection(SolutionProperties) = preSolution
		HideSolutionNode = FALSE
	EndGlobalSection
	GlobalSection(ExtensibilityGlobals) = postSolution
		SolutionGuid = {438E9B16-388E-498F-84E7-625C801EC856}
	EndGlobalSection
EndGlobal
